Microsoft Visual Studio Solution File, Format Version 12.00
# Visual Studio Version 17
VisualStudioVersion = 17.12.35707.178
MinimumVisualStudioVersion = 10.0.40219.1
Project("{FAE04EC0-301F-11D3-BF4B-00C04F79EFBC}") = "ITSMDS.Infrastructure", "ITSMDS.Infrastructure\ITSMDS.Infrastructure.csproj", "{04D9D6C2-E292-4772-8D2B-601541590B80}"
EndProject
Project("{FAE04EC0-301F-11D3-BF4B-00C04F79EFBC}") = "ITSMDS.ApiService", "ITSMDS.ApiService\ITSMDS.ApiService.csproj", "{D3314129-191A-478E-B83F-F7372DFB5ADC}"
EndProject
Project("{FAE04EC0-301F-11D3-BF4B-00C04F79EFBC}") = "ITSMDS.AppHost", "ITSMDS.AppHost\ITSMDS.AppHost.csproj", "{0F5B4A16-C6C9-47AE-BD44-76FC15496663}"
EndProject
Project("{FAE04EC0-301F-11D3-BF4B-00C04F79EFBC}") = "ITSMDS.Core", "ITSMDS.Core\ITSMDS.Core.csproj", "{054475DA-35D6-4177-8F44-7CFEBA2346E8}"
EndProject
Project("{FAE04EC0-301F-11D3-BF4B-00C04F79EFBC}") = "ITSMDS.ServiceDefaults", "ITSMDS.ServiceDefaults\ITSMDS.ServiceDefaults.csproj", "{56DB3F0B-7754-44AF-8861-0C8C47FC898F}"
EndProject
Project("{FAE04EC0-301F-11D3-BF4B-00C04F79EFBC}") = "ITSMDS.Tests", "ITSMDS.Tests\ITSMDS.Tests.csproj", "{1A2B093F-6BD4-4D0A-8793-A292677AE120}"
EndProject
Project("{FAE04EC0-301F-11D3-BF4B-00C04F79EFBC}") = "ITSMDS.Web", "ITSMDS.Web\ITSMDS.Web.csproj", "{0AB8CE1E-AF06-45EB-B202-5A626D73236F}"
EndProject
Global
	GlobalSection(SolutionConfigurationPlatforms) = preSolution
		Debug|Any CPU = Debug|Any CPU
		Release|Any CPU = Release|Any CPU
	EndGlobalSection
	GlobalSection(ProjectConfigurationPlatforms) = postSolution
		{04D9D6C2-E292-4772-8D2B-601541590B80}.Debug|Any CPU.ActiveCfg = Debug|Any CPU
		{04D9D6C2-E292-4772-8D2B-601541590B80}.Debug|Any CPU.Build.0 = Debug|Any CPU
		{04D9D6C2-E292-4772-8D2B-601541590B80}.Release|Any CPU.ActiveCfg = Release|Any CPU
		{04D9D6C2-E292-4772-8D2B-601541590B80}.Release|Any CPU.Build.0 = Release|Any CPU
		{D3314129-191A-478E-B83F-F7372DFB5ADC}.Debug|Any CPU.ActiveCfg = Debug|Any CPU
		{D3314129-191A-478E-B83F-F7372DFB5ADC}.Debug|Any CPU.Build.0 = Debug|Any CPU
		{D3314129-191A-478E-B83F-F7372DFB5ADC}.Release|Any CPU.ActiveCfg = Release|Any CPU
		{D3314129-191A-478E-B83F-F7372DFB5ADC}.Release|Any CPU.Build.0 = Release|Any CPU
		{0F5B4A16-C6C9-47AE-BD44-76FC15496663}.Debug|Any CPU.ActiveCfg = Debug|Any CPU
		{0F5B4A16-C6C9-47AE-BD44-76FC15496663}.Debug|Any CPU.Build.0 = Debug|Any CPU
		{0F5B4A16-C6C9-47AE-BD44-76FC15496663}.Release|Any CPU.ActiveCfg = Release|Any CPU
		{0F5B4A16-C6C9-47AE-BD44-76FC15496663}.Release|Any CPU.Build.0 = Release|Any CPU
		{054475DA-35D6-4177-8F44-7CFEBA2346E8}.Debug|Any CPU.ActiveCfg = Debug|Any CPU
		{054475DA-35D6-4177-8F44-7CFEBA2346E8}.Debug|Any CPU.Build.0 = Debug|Any CPU
		{054475DA-35D6-4177-8F44-7CFEBA2346E8}.Release|Any CPU.ActiveCfg = Release|Any CPU
		{054475DA-35D6-4177-8F44-7CFEBA2346E8}.Release|Any CPU.Build.0 = Release|Any CPU
		{56DB3F0B-7754-44AF-8861-0C8C47FC898F}.Debug|Any CPU.ActiveCfg = Debug|Any CPU
		{56DB3F0B-7754-44AF-8861-0C8C47FC898F}.Debug|Any CPU.Build.0 = Debug|Any CPU
		{56DB3F0B-7754-44AF-8861-0C8C47FC898F}.Release|Any CPU.ActiveCfg = Release|Any CPU
		{56DB3F0B-7754-44AF-8861-0C8C47FC898F}.Release|Any CPU.Build.0 = Release|Any CPU
		{1A2B093F-6BD4-4D0A-8793-A292677AE120}.Debug|Any CPU.ActiveCfg = Debug|Any CPU
		{1A2B093F-6BD4-4D0A-8793-A292677AE120}.Debug|Any CPU.Build.0 = Debug|Any CPU
		{1A2B093F-6BD4-4D0A-8793-A292677AE120}.Release|Any CPU.ActiveCfg = Release|Any CPU
		{1A2B093F-6BD4-4D0A-8793-A292677AE120}.Release|Any CPU.Build.0 = Release|Any CPU
		{0AB8CE1E-AF06-45EB-B202-5A626D73236F}.Debug|Any CPU.ActiveCfg = Debug|Any CPU
		{0AB8CE1E-AF06-45EB-B202-5A626D73236F}.Debug|Any CPU.Build.0 = Debug|Any CPU
		{0AB8CE1E-AF06-45EB-B202-5A626D73236F}.Release|Any CPU.ActiveCfg = Release|Any CPU
		{0AB8CE1E-AF06-45EB-B202-5A626D73236F}.Release|Any CPU.Build.0 = Release|Any CPU
	EndGlobalSection
	GlobalSection(SolutionProperties) = preSolution
		HideSolutionNode = FALSE
	EndGlobalSection
EndGlobal
